// !$*UTF8*$!
{
	archiveVersion = 1;
	classes = {
	};
	objectVersion = 48;
	objects = {

/* Begin PBXBuildFile section */
		E91FD46E20459EB50080CF43 /* Condor.framework in Frameworks */ = {isa = PBXBuildFile; fileRef = E91FD46C20459EA10080CF43 /* Condor.framework */; };
		E91FD46F20459EB50080CF43 /* Condor.framework in Embed Frameworks */ = {isa = PBXBuildFile; fileRef = E91FD46C20459EA10080CF43 /* Condor.framework */; settings = {ATTRIBUTES = (CodeSignOnCopy, RemoveHeadersOnCopy, ); }; };
		E946A78020185A44005A80CA /* CondorDemoViewControllerObj.m in Sources */ = {isa = PBXBuildFile; fileRef = E946A77F20185A44005A80CA /* CondorDemoViewControllerObj.m */; };
		E946A78320185C52005A80CA /* MyDataModel.m in Sources */ = {isa = PBXBuildFile; fileRef = E946A78120185C52005A80CA /* MyDataModel.m */; };
		E9D159E72017FB0D00D69908 /* AppDelegate.swift in Sources */ = {isa = PBXBuildFile; fileRef = E9D159E62017FB0D00D69908 /* AppDelegate.swift */; };
		E9D159EC2017FB0D00D69908 /* Main.storyboard in Resources */ = {isa = PBXBuildFile; fileRef = E9D159EA2017FB0D00D69908 /* Main.storyboard */; };
		E9D159EE2017FB0D00D69908 /* Assets.xcassets in Resources */ = {isa = PBXBuildFile; fileRef = E9D159ED2017FB0D00D69908 /* Assets.xcassets */; };
		E9D159F12017FB0D00D69908 /* LaunchScreen.storyboard in Resources */ = {isa = PBXBuildFile; fileRef = E9D159EF2017FB0D00D69908 /* LaunchScreen.storyboard */; };
		E9D15A042017FC1100D69908 /* CondorDemoViewController.swift in Sources */ = {isa = PBXBuildFile; fileRef = E9D15A032017FC1100D69908 /* CondorDemoViewController.swift */; };
		E9D15A0720180A7600D69908 /* MyDataModel.swift in Sources */ = {isa = PBXBuildFile; fileRef = E9D15A0620180A7600D69908 /* MyDataModel.swift */; };
/* End PBXBuildFile section */

/* Begin PBXCopyFilesBuildPhase section */
		E9D15A022017FBB500D69908 /* Embed Frameworks */ = {
			isa = PBXCopyFilesBuildPhase;
			buildActionMask = 2147483647;
			dstPath = "";
			dstSubfolderSpec = 10;
			files = (
				E91FD46F20459EB50080CF43 /* Condor.framework in Embed Frameworks */,
			);
			name = "Embed Frameworks";
			runOnlyForDeploymentPostprocessing = 0;
		};
/* End PBXCopyFilesBuildPhase section */

/* Begin PBXFileReference section */
		E91FD46C20459EA10080CF43 /* Condor.framework */ = {isa = PBXFileReference; lastKnownFileType = wrapper.framework; path = Condor.framework; sourceTree = "<group>"; };
		E946A77E20185A44005A80CA /* CondorDemoViewControllerObj.h */ = {isa = PBXFileReference; fileEncoding = 4; lastKnownFileType = sourcecode.c.h; path = CondorDemoViewControllerObj.h; sourceTree = "<group>"; };
		E946A77F20185A44005A80CA /* CondorDemoViewControllerObj.m */ = {isa = PBXFileReference; fileEncoding = 4; lastKnownFileType = sourcecode.c.objc; path = CondorDemoViewControllerObj.m; sourceTree = "<group>"; };
		E946A78120185C52005A80CA /* MyDataModel.m */ = {isa = PBXFileReference; fileEncoding = 4; lastKnownFileType = sourcecode.c.objc; path = MyDataModel.m; sourceTree = "<group>"; };
		E946A78220185C52005A80CA /* MyDataModel.h */ = {isa = PBXFileReference; fileEncoding = 4; lastKnownFileType = sourcecode.c.h; path = MyDataModel.h; sourceTree = "<group>"; };
		E946A79B20185F4B005A80CA /* CondorSwift-Bridging-Header.h */ = {isa = PBXFileReference; lastKnownFileType = sourcecode.c.h; path = "CondorSwift-Bridging-Header.h"; sourceTree = "<group>"; };
		E9D159E32017FB0D00D69908 /* CondorSwift.app */ = {isa = PBXFileReference; explicitFileType = wrapper.application; includeInIndex = 0; path = CondorSwift.app; sourceTree = BUILT_PRODUCTS_DIR; };
		E9D159E62017FB0D00D69908 /* AppDelegate.swift */ = {isa = PBXFileReference; lastKnownFileType = sourcecode.swift; path = AppDelegate.swift; sourceTree = "<group>"; };
		E9D159EB2017FB0D00D69908 /* Base */ = {isa = PBXFileReference; lastKnownFileType = file.storyboard; name = Base; path = Base.lproj/Main.storyboard; sourceTree = "<group>"; };
		E9D159ED2017FB0D00D69908 /* Assets.xcassets */ = {isa = PBXFileReference; lastKnownFileType = folder.assetcatalog; path = Assets.xcassets; sourceTree = "<group>"; };
		E9D159F02017FB0D00D69908 /* Base */ = {isa = PBXFileReference; lastKnownFileType = file.storyboard; name = Base; path = Base.lproj/LaunchScreen.storyboard; sourceTree = "<group>"; };
		E9D159F22017FB0E00D69908 /* Info.plist */ = {isa = PBXFileReference; lastKnownFileType = text.plist.xml; path = Info.plist; sourceTree = "<group>"; };
		E9D15A032017FC1100D69908 /* CondorDemoViewController.swift */ = {isa = PBXFileReference; lastKnownFileType = sourcecode.swift; path = CondorDemoViewController.swift; sourceTree = "<group>"; };
		E9D15A0620180A7600D69908 /* MyDataModel.swift */ = {isa = PBXFileReference; lastKnownFileType = sourcecode.swift; path = MyDataModel.swift; sourceTree = "<group>"; };
/* End PBXFileReference section */

/* Begin PBXFrameworksBuildPhase section */
		E9D159E02017FB0D00D69908 /* Frameworks */ = {
			isa = PBXFrameworksBuildPhase;
			buildActionMask = 2147483647;
			files = (
				E91FD46E20459EB50080CF43 /* Condor.framework in Frameworks */,
			);
			runOnlyForDeploymentPostprocessing = 0;
		};
/* End PBXFrameworksBuildPhase section */

/* Begin PBXGroup section */
		E9D159DA2017FB0D00D69908 = {
			isa = PBXGroup;
			children = (
				E9D159E52017FB0D00D69908 /* CondorSwift */,
				E9D159E42017FB0D00D69908 /* Products */,
				E9D159F82017FB1600D69908 /* Frameworks */,
			);
			sourceTree = "<group>";
		};
		E9D159E42017FB0D00D69908 /* Products */ = {
			isa = PBXGroup;
			children = (
				E9D159E32017FB0D00D69908 /* CondorSwift.app */,
			);
			name = Products;
			sourceTree = "<group>";
		};
		E9D159E52017FB0D00D69908 /* CondorSwift */ = {
			isa = PBXGroup;
			children = (
				E9D159F22017FB0E00D69908 /* Info.plist */,
				E9D159E62017FB0D00D69908 /* AppDelegate.swift */,
				E9D159FF2017FB9500D69908 /* Assets */,
				E9D15A0520180A2F00D69908 /* Models */,
				E9D159FD2017FB5D00D69908 /* ViewControllers */,
				E9D159FE2017FB7100D69908 /* View */,
			);
			path = CondorSwift;
			sourceTree = "<group>";
		};
		E9D159F82017FB1600D69908 /* Frameworks */ = {
			isa = PBXGroup;
			children = (
				E91FD46C20459EA10080CF43 /* Condor.framework */,
			);
			path = Frameworks;
			sourceTree = "<group>";
		};
		E9D159FD2017FB5D00D69908 /* ViewControllers */ = {
			isa = PBXGroup;
			children = (
				E946A77E20185A44005A80CA /* CondorDemoViewControllerObj.h */,
				E946A77F20185A44005A80CA /* CondorDemoViewControllerObj.m */,
				E9D15A032017FC1100D69908 /* CondorDemoViewController.swift */,
				E946A79B20185F4B005A80CA /* CondorSwift-Bridging-Header.h */,
			);
			path = ViewControllers;
			sourceTree = "<group>";
		};
		E9D159FE2017FB7100D69908 /* View */ = {
			isa = PBXGroup;
			children = (
				E9D159EA2017FB0D00D69908 /* Main.storyboard */,
				E9D159EF2017FB0D00D69908 /* LaunchScreen.storyboard */,
			);
			path = View;
			sourceTree = "<group>";
		};
		E9D159FF2017FB9500D69908 /* Assets */ = {
			isa = PBXGroup;
			children = (
				E9D159ED2017FB0D00D69908 /* Assets.xcassets */,
			);
			path = Assets;
			sourceTree = "<group>";
		};
		E9D15A0520180A2F00D69908 /* Models */ = {
			isa = PBXGroup;
			children = (
				E946A78220185C52005A80CA /* MyDataModel.h */,
				E946A78120185C52005A80CA /* MyDataModel.m */,
				E9D15A0620180A7600D69908 /* MyDataModel.swift */,
			);
			path = Models;
			sourceTree = "<group>";
		};
/* End PBXGroup section */

/* Begin PBXNativeTarget section */
		E9D159E22017FB0D00D69908 /* CondorSwift */ = {
			isa = PBXNativeTarget;
			buildConfigurationList = E9D159F52017FB0E00D69908 /* Build configuration list for PBXNativeTarget "CondorSwift" */;
			buildPhases = (
				E9D159DF2017FB0D00D69908 /* Sources */,
				E9D159E02017FB0D00D69908 /* Frameworks */,
				E9D159E12017FB0D00D69908 /* Resources */,
				E9D15A022017FBB500D69908 /* Embed Frameworks */,
			);
			buildRules = (
			);
			dependencies = (
			);
			name = CondorSwift;
			productName = CondorSwift;
			productReference = E9D159E32017FB0D00D69908 /* CondorSwift.app */;
			productType = "com.apple.product-type.application";
		};
/* End PBXNativeTarget section */

/* Begin PBXProject section */
		E9D159DB2017FB0D00D69908 /* Project object */ = {
			isa = PBXProject;
			attributes = {
				LastSwiftUpdateCheck = 0920;
				LastUpgradeCheck = 0920;
				ORGANIZATIONNAME = "Thomas Lock";
				TargetAttributes = {
					E9D159E22017FB0D00D69908 = {
						CreatedOnToolsVersion = 9.2;
						LastSwiftMigration = 0920;
						ProvisioningStyle = Automatic;
					};
				};
			};
			buildConfigurationList = E9D159DE2017FB0D00D69908 /* Build configuration list for PBXProject "CondorSwift" */;
			compatibilityVersion = "Xcode 8.0";
			developmentRegion = en;
			hasScannedForEncodings = 0;
			knownRegions = (
				en,
				Base,
			);
			mainGroup = E9D159DA2017FB0D00D69908;
			productRefGroup = E9D159E42017FB0D00D69908 /* Products */;
			projectDirPath = "";
			projectRoot = "";
			targets = (
				E9D159E22017FB0D00D69908 /* CondorSwift */,
			);
		};
/* End PBXProject section */

/* Begin PBXResourcesBuildPhase section */
		E9D159E12017FB0D00D69908 /* Resources */ = {
			isa = PBXResourcesBuildPhase;
			buildActionMask = 2147483647;
			files = (
				E9D159F12017FB0D00D69908 /* LaunchScreen.storyboard in Resources */,
				E9D159EE2017FB0D00D69908 /* Assets.xcassets in Resources */,
				E9D159EC2017FB0D00D69908 /* Main.storyboard in Resources */,
			);
			runOnlyForDeploymentPostprocessing = 0;
		};
/* End PBXResourcesBuildPhase section */

/* Begin PBXSourcesBuildPhase section */
		E9D159DF2017FB0D00D69908 /* Sources */ = {
			isa = PBXSourcesBuildPhase;
			buildActionMask = 2147483647;
			files = (
				E9D15A0720180A7600D69908 /* MyDataModel.swift in Sources */,
				E9D15A042017FC1100D69908 /* CondorDemoViewController.swift in Sources */,
				E946A78020185A44005A80CA /* CondorDemoViewControllerObj.m in Sources */,
				E946A78320185C52005A80CA /* MyDataModel.m in Sources */,
				E9D159E72017FB0D00D69908 /* AppDelegate.swift in Sources */,
			);
			runOnlyForDeploymentPostprocessing = 0;
		};
/* End PBXSourcesBuildPhase section */

/* Begin PBXVariantGroup section */
		E9D159EA2017FB0D00D69908 /* Main.storyboard */ = {
			isa = PBXVariantGroup;
			children = (
				E9D159EB2017FB0D00D69908 /* Base */,
			);
			name = Main.storyboard;
			sourceTree = "<group>";
		};
		E9D159EF2017FB0D00D69908 /* LaunchScreen.storyboard */ = {
			isa = PBXVariantGroup;
			children = (
				E9D159F02017FB0D00D69908 /* Base */,
			);
			name = LaunchScreen.storyboard;
			sourceTree = "<group>";
		};
/* End PBXVariantGroup section */

/* Begin XCBuildConfiguration section */
		E9D159F32017FB0E00D69908 /* Debug */ = {
			isa = XCBuildConfiguration;
			buildSettings = {
				ALWAYS_SEARCH_USER_PATHS = NO;
				CLANG_ANALYZER_NONNULL = YES;
				CLANG_ANALYZER_NUMBER_OBJECT_CONVERSION = YES_AGGRESSIVE;
				CLANG_CXX_LANGUAGE_STANDARD = "gnu++14";
				CLANG_CXX_LIBRARY = "libc++";
				CLANG_ENABLE_MODULES = YES;
				CLANG_ENABLE_OBJC_ARC = YES;
				CLANG_WARN_BLOCK_CAPTURE_AUTORELEASING = YES;
				CLANG_WARN_BOOL_CONVERSION = YES;
				CLANG_WARN_COMMA = YES;
				CLANG_WARN_CONSTANT_CONVERSION = YES;
				CLANG_WARN_DIRECT_OBJC_ISA_USAGE = YES_ERROR;
				CLANG_WARN_DOCUMENTATION_COMMENTS = YES;
				CLANG_WARN_EMPTY_BODY = YES;
				CLANG_WARN_ENUM_CONVERSION = YES;
				CLANG_WARN_INFINITE_RECURSION = YES;
				CLANG_WARN_INT_CONVERSION = YES;
				CLANG_WARN_NON_LITERAL_NULL_CONVERSION = YES;
				CLANG_WARN_OBJC_LITERAL_CONVERSION = YES;
				CLANG_WARN_OBJC_ROOT_CLASS = YES_ERROR;
				CLANG_WARN_RANGE_LOOP_ANALYSIS = YES;
				CLANG_WARN_STRICT_PROTOTYPES = YES;
				CLANG_WARN_SUSPICIOUS_MOVE = YES;
				CLANG_WARN_UNGUARDED_AVAILABILITY = YES_AGGRESSIVE;
				CLANG_WARN_UNREACHABLE_CODE = YES;
				CLANG_WARN__DUPLICATE_METHOD_MATCH = YES;
				CODE_SIGN_IDENTITY = "iPhone Developer";
				COPY_PHASE_STRIP = NO;
				DEBUG_INFORMATION_FORMAT = dwarf;
				ENABLE_BITCODE = NO;
				ENABLE_STRICT_OBJC_MSGSEND = YES;
				ENABLE_TESTABILITY = YES;
				GCC_C_LANGUAGE_STANDARD = gnu11;
				GCC_DYNAMIC_NO_PIC = NO;
				GCC_NO_COMMON_BLOCKS = YES;
				GCC_OPTIMIZATION_LEVEL = 0;
				GCC_PREPROCESSOR_DEFINITIONS = (
					"DEBUG=1",
					"$(inherited)",
				);
				GCC_WARN_64_TO_32_BIT_CONVERSION = YES;
				GCC_WARN_ABOUT_RETURN_TYPE = YES_ERROR;
				GCC_WARN_UNDECLARED_SELECTOR = YES;
				GCC_WARN_UNINITIALIZED_AUTOS = YES_AGGRESSIVE;
				GCC_WARN_UNUSED_FUNCTION = YES;
				GCC_WARN_UNUSED_VARIABLE = YES;
				IPHONEOS_DEPLOYMENT_TARGET = 11.2;
				MTL_ENABLE_DEBUG_INFO = YES;
				ONLY_ACTIVE_ARCH = YES;
				SDKROOT = iphoneos;
				SWIFT_ACTIVE_COMPILATION_CONDITIONS = DEBUG;
				SWIFT_OPTIMIZATION_LEVEL = "-Onone";
			};
			name = Debug;
		};
		E9D159F42017FB0E00D69908 /* Release */ = {
			isa = XCBuildConfiguration;
			buildSettings = {
				ALWAYS_SEARCH_USER_PATHS = NO;
				CLANG_ANALYZER_NONNULL = YES;
				CLANG_ANALYZER_NUMBER_OBJECT_CONVERSION = YES_AGGRESSIVE;
				CLANG_CXX_LANGUAGE_STANDARD = "gnu++14";
				CLANG_CXX_LIBRARY = "libc++";
				CLANG_ENABLE_MODULES = YES;
				CLANG_ENABLE_OBJC_ARC = YES;
				CLANG_WARN_BLOCK_CAPTURE_AUTORELEASING = YES;
				CLANG_WARN_BOOL_CONVERSION = YES;
				CLANG_WARN_COMMA = YES;
				CLANG_WARN_CONSTANT_CONVERSION = YES;
				CLANG_WARN_DIRECT_OBJC_ISA_USAGE = YES_ERROR;
				CLANG_WARN_DOCUMENTATION_COMMENTS = YES;
				CLANG_WARN_EMPTY_BODY = YES;
				CLANG_WARN_ENUM_CONVERSION = YES;
				CLANG_WARN_INFINITE_RECURSION = YES;
				CLANG_WARN_INT_CONVERSION = YES;
				CLANG_WARN_NON_LITERAL_NULL_CONVERSION = YES;
				CLANG_WARN_OBJC_LITERAL_CONVERSION = YES;
				CLANG_WARN_OBJC_ROOT_CLASS = YES_ERROR;
				CLANG_WARN_RANGE_LOOP_ANALYSIS = YES;
				CLANG_WARN_STRICT_PROTOTYPES = YES;
				CLANG_WARN_SUSPICIOUS_MOVE = YES;
				CLANG_WARN_UNGUARDED_AVAILABILITY = YES_AGGRESSIVE;
				CLANG_WARN_UNREACHABLE_CODE = YES;
				CLANG_WARN__DUPLICATE_METHOD_MATCH = YES;
				CODE_SIGN_IDENTITY = "iPhone Developer";
				COPY_PHASE_STRIP = NO;
				DEBUG_INFORMATION_FORMAT = "dwarf-with-dsym";
				ENABLE_BITCODE = NO;
				ENABLE_NS_ASSERTIONS = NO;
				ENABLE_STRICT_OBJC_MSGSEND = YES;
				GCC_C_LANGUAGE_STANDARD = gnu11;
				GCC_NO_COMMON_BLOCKS = YES;
				GCC_OPTIMIZATION_LEVEL = s;
				GCC_WARN_64_TO_32_BIT_CONVERSION = YES;
				GCC_WARN_ABOUT_RETURN_TYPE = YES_ERROR;
				GCC_WARN_UNDECLARED_SELECTOR = YES;
				GCC_WARN_UNINITIALIZED_AUTOS = YES_AGGRESSIVE;
				GCC_WARN_UNUSED_FUNCTION = YES;
				GCC_WARN_UNUSED_VARIABLE = YES;
				IPHONEOS_DEPLOYMENT_TARGET = 11.2;
				MTL_ENABLE_DEBUG_INFO = NO;
				SDKROOT = iphoneos;
				SWIFT_OPTIMIZATION_LEVEL = "-Owholemodule";
				VALIDATE_PRODUCT = YES;
			};
			name = Release;
		};
		E9D159F62017FB0E00D69908 /* Debug */ = {
			isa = XCBuildConfiguration;
			buildSettings = {
				ASSETCATALOG_COMPILER_APPICON_NAME = AppIcon;
				CLANG_ENABLE_MODULES = YES;
				CLANG_USE_OPTIMIZATION_PROFILE = NO;
				CODE_SIGN_STYLE = Automatic;
				DEVELOPMENT_TEAM = 8MS2982HHA;
				ENABLE_BITCODE = YES;
				ENABLE_STRICT_OBJC_MSGSEND = YES;
				FRAMEWORK_SEARCH_PATHS = (
					"$(inherited)",
					"$(PROJECT_DIR)/Frameworks",
				);
				INFOPLIST_FILE = CondorSwift/Info.plist;
				LD_RUNPATH_SEARCH_PATHS = "$(inherited) @executable_path/Frameworks";
				PRODUCT_BUNDLE_IDENTIFIER = blog.thomaslock.CondorSwift;
				PRODUCT_NAME = "$(TARGET_NAME)";
				SWIFT_OBJC_BRIDGING_HEADER = "CondorSwift/ViewControllers/CondorSwift-Bridging-Header.h";
				SWIFT_OPTIMIZATION_LEVEL = "-Onone";
				SWIFT_VERSION = 4.0;
				TARGETED_DEVICE_FAMILY = "1,2";
			};
			name = Debug;
		};
		E9D159F72017FB0E00D69908 /* Release */ = {
			isa = XCBuildConfiguration;
			buildSettings = {
				ASSETCATALOG_COMPILER_APPICON_NAME = AppIcon;
				CLANG_ENABLE_MODULES = YES;
				CLANG_USE_OPTIMIZATION_PROFILE = NO;
				CODE_SIGN_STYLE = Automatic;
				DEVELOPMENT_TEAM = 8MS2982HHA;
				ENABLE_BITCODE = YES;
				ENABLE_STRICT_OBJC_MSGSEND = YES;
				FRAMEWORK_SEARCH_PATHS = (
					"$(inherited)",
					"$(PROJECT_DIR)/Frameworks",
				);
				INFOPLIST_FILE = CondorSwift/Info.plist;
				LD_RUNPATH_SEARCH_PATHS = "$(inherited) @executable_path/Frameworks";
				PRODUCT_BUNDLE_IDENTIFIER = blog.thomaslock.CondorSwift;
				PRODUCT_NAME = "$(TARGET_NAME)";
				SWIFT_OBJC_BRIDGING_HEADER = "CondorSwift/ViewControllers/CondorSwift-Bridging-Header.h";
				SWIFT_VERSION = 4.0;
				TARGETED_DEVICE_FAMILY = "1,2";
			};
			name = Release;
		};
/* End XCBuildConfiguration section */

/* Begin XCConfigurationList section */
		E9D159DE2017FB0D00D69908 /* Build configuration list for PBXProject "CondorSwift" */ = {
			isa = XCConfigurationList;
			buildConfigurations = (
				E9D159F32017FB0E00D69908 /* Debug */,
				E9D159F42017FB0E00D69908 /* Release */,
			);
			defaultConfigurationIsVisible = 0;
			defaultConfigurationName = Release;
		};
		E9D159F52017FB0E00D69908 /* Build configuration list for PBXNativeTarget "CondorSwift" */ = {
			isa = XCConfigurationList;
			buildConfigurations = (
				E9D159F62017FB0E00D69908 /* Debug */,
				E9D159F72017FB0E00D69908 /* Release */,
			);
			defaultConfigurationIsVisible = 0;
			defaultConfigurationName = Release;
		};
/* End XCConfigurationList section */
	};
	rootObject = E9D159DB2017FB0D00D69908 /* Project object */;
}
